{
  "name": "microsoft-teams-sample-auth-node",
  "version": "0.0.1",
  "lockfileVersion": 1,
  "requires": true,
  "dependencies": {
    "@types/chai": {
      "version": "3.5.2",
      "resolved": "https://registry.npmjs.org/@types/chai/-/chai-3.5.2.tgz",
      "integrity": "sha1-wRzSgX06QBt7oPWkIPNcVhObHB4=",
      "dev": true
    },
    "@types/mocha": {
      "version": "2.2.48",
      "resolved": "https://registry.npmjs.org/@types/mocha/-/mocha-2.2.48.tgz",
      "integrity": "sha512-nlK/iyETgafGli8Zh9zJVCTicvU3iajSkRwOh3Hhiva598CMqNJ4NcVCGMTGKpGpTYj/9R8RLzS9NAykSSCqGw==",
      "dev": true
    },
    "@types/node": {
      "version": "7.10.9",
      "resolved": "https://registry.npmjs.org/@types/node/-/node-7.10.9.tgz",
      "integrity": "sha512-usSpgoUsRtO5xNV5YEPU8PPnHisFx8u0rokj1BPVn/hDF7zwUDzVLiuKZM38B7z8V2111Fj6kd4rGtQFUZpNOw==",
      "dev": true
    },
    "@types/sinon": {
      "version": "1.16.36",
      "resolved": "https://registry.npmjs.org/@types/sinon/-/sinon-1.16.36.tgz",
      "integrity": "sha1-dLtu15KFl8Gz+xsAkAXpTcbq41c=",
      "dev": true
    },
    "@types/winston": {
      "version": "2.4.4",
      "resolved": "https://registry.npmjs.org/@types/winston/-/winston-2.4.4.tgz",
      "integrity": "sha512-BVGCztsypW8EYwJ+Hq+QNYiT/MUyCif0ouBH+flrY66O5W+KIXAMML6E/0fJpm7VjIzgangahl5S03bJJQGrZw==",
      "dev": true
    },
    "assert": {
      "version": "1.5.0",
      "resolved": "https://registry.npmjs.org/assert/-/assert-1.5.0.tgz",
      "integrity": "sha512-EDsgawzwoun2CZkCgtxJbv392v4nbk9XDD06zI+kQYoBM/3RBWLlEyJARDOmhAAosBjWACEkKL6S+lIZtcAubA==",
      "dev": true
    },
    "async": {
      "version": "2.6.3",
      "resolved": "https://registry.npmjs.org/async/-/async-2.6.3.tgz",
      "integrity": "sha512-zflvls11DCy+dQWzTW2dzuilv8Z5X/pjfmZOWba6TNIVDm+2UDaJmXSOXlasHKfNBs8oo3M0aT50fDEWfKZjXg=="
    },
    "body-parser": {
      "version": "1.19.0",
      "resolved": "https://registry.npmjs.org/body-parser/-/body-parser-1.19.0.tgz",
      "integrity": "sha512-dhEPs72UPbDnAQJ9ZKMNTP6ptJaionhP5cBb541nXPlW60Jepo9RV/a4fX4XWW9CuFNK22krhrj1+rgzifNCsw==",
      "dependencies": {
        "debug": {
          "version": "2.6.9",
          "resolved": "https://registry.npmjs.org/debug/-/debug-2.6.9.tgz",
          "integrity": "sha512-bC7ElrdJaJnPbAP+1EotYvqZsb3ecl5wi6Bfi6BJTUcNowp6cvspg0jXznRTKDjm/E7AdgFBVeAPVMNcKGsHMA=="
        }
      }
    },
    "botbuilder": {
      "version": "3.16.0",
      "resolved": "https://registry.npmjs.org/botbuilder/-/botbuilder-3.16.0.tgz",
      "integrity": "sha512-Gf51aNfvBuAxKSXQ+1SV/P1lzuRMyMyIqvjUUSqpjbtW6lFkPHhCmJIM0Dgxbflq78EXXisIYZQgAqsUNYeVQQ==",
      "dependencies": {
        "@types/node": {
          "version": "9.6.55",
          "resolved": "https://registry.npmjs.org/@types/node/-/node-9.6.55.tgz",
          "integrity": "sha512-e/5tg8Ok0gSrN6pvHphnwTK0/CD9VPZrtZqpvvpEFAtfs+ZntusgGaWkf2lSEq1OFe2EDPeUMiMVpy4nZpJ4AQ=="
        },
        "async": {
          "version": "1.5.2",
          "resolved": "https://registry.npmjs.org/async/-/async-1.5.2.tgz",
          "integrity": "sha1-7GphrlZIDAw8skHJVhjiCJL5Zyo="
        }
      }
    },
    "botbuilder-teams": {
      "version": "0.1.7",
      "resolved": "https://registry.npmjs.org/botbuilder-teams/-/botbuilder-teams-0.1.7.tgz",
      "integrity": "sha512-my2E7PoxzoCB33IKRhjsW1rOcSNldnIQNw+fiGv720OEpXmJX51wVm2S0+0IMBosw07/Zx12K4twyZ4Db67hAw=="
    },
    "chai": {
      "version": "3.5.0",
      "resolved": "https://registry.npmjs.org/chai/-/chai-3.5.0.tgz",
      "integrity": "sha1-TQJjewZ/6Vi9v906QOxW/vc3Mkc=",
      "dev": true
    },
    "config": {
      "version": "1.31.0",
      "resolved": "https://registry.npmjs.org/config/-/config-1.31.0.tgz",
      "integrity": "sha512-Ep/l9Rd1J9IPueztJfpbOqVzuKHQh4ZODMNt9xqTYdBBNRXbV4oTu34kCkkfdRVcDq0ohtpaeXGgb+c0LQxFRA=="
    },
    "debug": {
      "version": "2.2.0",
      "resolved": "https://registry.npmjs.org/debug/-/debug-2.2.0.tgz",
      "integrity": "sha1-+HBX6ZWxofauaklgZkE3vFbwOdo=",
      "dependencies": {
        "ms": {
          "version": "0.7.1",
          "resolved": "https://registry.npmjs.org/ms/-/ms-0.7.1.tgz",
          "integrity": "sha1-nNE8A62/8ltl7/3nzoZO6VIBcJg="
        }
      }
    },
    "del": {
      "version": "2.2.2",
      "resolved": "https://registry.npmjs.org/del/-/del-2.2.2.tgz",
      "integrity": "sha1-wSyYHQZ4RshLyvhiz/kw2Qf/0ag=",
      "dev": true
    },
    "express": {
      "version": "4.13.4",
      "resolved": "https://registry.npmjs.org/express/-/express-4.13.4.tgz",
      "integrity": "sha1-PAt288d1kMg0VzkGHsC9O6Bn7CQ=",
      "dependencies": {
        "qs": {
          "version": "4.0.0",
          "resolved": "https://registry.npmjs.org/qs/-/qs-4.0.0.tgz",
          "integrity": "sha1-wx2bdOwn33XlQ6hseHKO2NRiNgc="
        }
      }
    },
    "express-handlebars": {
      "version": "5.3.1",
      "resolved": "https://registry.npmjs.org/express-handlebars/-/express-handlebars-5.3.1.tgz",
      "integrity": "sha512-mHpf3PAYysgo6M2yl/r0p5ui/gHwVa7vLBgA3ht8HlNxRGcwXSAGOwKAtAEVdHs4j7FDb5ZGsAJoA8nFaogbGw==",
      "requires": {
        "glob": "^7.1.6",
        "graceful-fs": "^4.2.6",
        "handlebars": "^4.7.7"
      },
      "dependencies": {
        "graceful-fs": {
          "version": "4.2.9",
          "resolved": "https://registry.npmjs.org/graceful-fs/-/graceful-fs-4.2.9.tgz",
          "integrity": "sha512-NtNxqUcXgpW2iMrfqSfR73Glt39K+BLwWsPs94yR63v45T0Wbej7eRmL5cWfwEgqXnmjQp3zaJTshdRW/qC2ZQ=="
        },
        "handlebars": {
          "version": "4.7.7",
          "resolved": "https://registry.npmjs.org/handlebars/-/handlebars-4.7.7.tgz",
          "integrity": "sha512-aAcXm5OAfE/8IXkcZvCepKU3VzW1/39Fb5ZuqMtgI/hT8X2YgoMvBY5dLhq/cpOvw7Lk1nK/UF71aLG/ZnVYRA==",
          "requires": {
            "minimist": "^1.2.5",
            "neo-async": "^2.6.0",
            "source-map": "^0.6.1",
            "uglify-js": "^3.1.4",
            "wordwrap": "^1.0.0"
          }
        },
        "minimist": {
          "version": "1.2.5",
          "resolved": "https://registry.npmjs.org/minimist/-/minimist-1.2.5.tgz",
          "integrity": "sha512-FM9nNUYrRBAELZQT3xeZQ7fmMOBg6nWNmJKTcgsJeaLstP/UODVpGsr5OhXhhXg6f+qtJ8uiZ+PUxkDWcgIXLw=="
        },
        "wordwrap": {
          "version": "1.0.0",
          "resolved": "https://registry.npmjs.org/wordwrap/-/wordwrap-1.0.0.tgz",
          "integrity": "sha1-J1hIEIkUVqQXHI0CJkQa3pDLyus="
        }
      }
    },
    "fs": {
      "version": "0.0.1-security",
      "resolved": "https://registry.npmjs.org/fs/-/fs-0.0.1-security.tgz",
      "integrity": "sha1-invTcYa23d84E/I4WLV+yq9eQdQ=",
      "dev": true
    },
    "glob": {
      "version": "7.1.6",
      "resolved": "https://registry.npmjs.org/glob/-/glob-7.1.6.tgz",
      "integrity": "sha512-LwaxwyZ72Lk7vZINtNNrywX0ZuLyStrdDtabefZKAY5ZGJhVtgdznluResxNmPitE0SAO+O26sWTHeKSI2wMBA=="
    },
    "gulp": {
      "version": "3.9.1",
      "resolved": "https://registry.npmjs.org/gulp/-/gulp-3.9.1.tgz",
      "integrity": "sha1-VxzkWSjdQK9lFPxAEYZgFsE4RbQ=",
      "dev": true,
      "dependencies": {
        "semver": {
          "version": "4.3.6",
          "resolved": "https://registry.npmjs.org/semver/-/semver-4.3.6.tgz",
          "integrity": "sha1-MAvG4OhjdPe6YQaLWx7NV/xlMto="
        }
      }
    },
    "gulp-develop-server": {
      "version": "0.5.2",
      "resolved": "https://registry.npmjs.org/gulp-develop-server/-/gulp-develop-server-0.5.2.tgz",
      "integrity": "sha1-INHJA56T9qfDw8yE1VepBSwjDPQ=",
      "dev": true
    },
    "gulp-json-transform": {
      "version": "0.4.7",
      "resolved": "https://registry.npmjs.org/gulp-json-transform/-/gulp-json-transform-0.4.7.tgz",
      "integrity": "sha512-Wi0p5GpoLXbTDwaZnw6rgj3FMLW3PscaHaX1okxrTgPWeqnIiMo4aJz7VlG68JYkxPeAXJrPce8AGEfcT2IifA==",
      "dev": true,
      "dependencies": {
        "clone": {
          "version": "2.1.2",
          "resolved": "https://registry.npmjs.org/clone/-/clone-2.1.2.tgz",
          "integrity": "sha1-G39Ln1kfHo+DZwQBYANFoCiHQ18="
        },
        "clone-stats": {
          "version": "1.0.0",
          "resolved": "https://registry.npmjs.org/clone-stats/-/clone-stats-1.0.0.tgz",
          "integrity": "sha1-s3gt/4u1R04Yuba/D9/ngvh3doA="
        },
        "promise": {
          "version": "8.0.3",
          "resolved": "https://registry.npmjs.org/promise/-/promise-8.0.3.tgz",
          "integrity": "sha512-HeRDUL1RJiLhyA0/grn+PTShlBAcLuh/1BJGtrvjwbvRDCTLLMEz9rOGCV+R3vHY4MixIuoMEd9Yq/XvsTPcjw=="
        },
        "replace-ext": {
          "version": "1.0.0",
          "resolved": "https://registry.npmjs.org/replace-ext/-/replace-ext-1.0.0.tgz",
          "integrity": "sha1-3mMSg3P8v3w8z6TeWkgMRaZ5WOs="
        },
        "vinyl": {
          "version": "2.2.0",
          "resolved": "https://registry.npmjs.org/vinyl/-/vinyl-2.2.0.tgz",
          "integrity": "sha512-MBH+yP0kC/GQ5GwBqrTPTzEfiiLjta7hTtvQtbxBgTeSXsmKQRQecjibMbxIXzVT3Y9KJK+drOz1/k+vsu8Nkg=="
        }
      }
    },
    "gulp-mocha": {
      "version": "2.2.0",
      "resolved": "https://registry.npmjs.org/gulp-mocha/-/gulp-mocha-2.2.0.tgz",
      "integrity": "sha1-HOXrpLlLQMdDav7DxJgsjuqJQZI=",
      "dev": true,
      "dependencies": {
        "commander": {
          "version": "2.3.0",
          "resolved": "https://registry.npmjs.org/commander/-/commander-2.3.0.tgz",
          "integrity": "sha1-/UMOiJgy7DU7ms0d4hfBHLPu+HM="
        },
        "escape-string-regexp": {
          "version": "1.0.2",
          "resolved": "https://registry.npmjs.org/escape-string-regexp/-/escape-string-regexp-1.0.2.tgz",
          "integrity": "sha1-Tbwv5nTnGUnK8/smlc5/LcHZqNE="
        },
        "glob": {
          "version": "3.2.11",
          "resolved": "https://registry.npmjs.org/glob/-/glob-3.2.11.tgz",
          "integrity": "sha1-Spc/Y1uRkPcV0QmH1cAP0oFevj0="
        },
        "minimatch": {
          "version": "0.3.0",
          "resolved": "https://registry.npmjs.org/minimatch/-/minimatch-0.3.0.tgz",
          "integrity": "sha1-J12O2qxPG7MyZHIInnlJyDlGmd0="
        },
        "mocha": {
          "version": "2.5.3",
          "resolved": "https://registry.npmjs.org/mocha/-/mocha-2.5.3.tgz",
          "integrity": "sha1-FhvlvetJZ3HrmzV0UFC2IrWu/Fg="
        },
        "resolve-from": {
          "version": "1.0.1",
          "resolved": "https://registry.npmjs.org/resolve-from/-/resolve-from-1.0.1.tgz",
          "integrity": "sha1-Jsv+k10a7uq7Kbw/5a6wHpPUQiY="
        },
        "supports-color": {
          "version": "1.2.0",
          "resolved": "https://registry.npmjs.org/supports-color/-/supports-color-1.2.0.tgz",
          "integrity": "sha1-/x7R5hFp0Gs88tWI4YixjYhH4X4="
        }
      }
    },
    "gulp-rename": {
      "version": "1.4.0",
      "resolved": "https://registry.npmjs.org/gulp-rename/-/gulp-rename-1.4.0.tgz",
      "integrity": "sha512-swzbIGb/arEoFK89tPY58vg3Ok1bw+d35PfUNwWqdo7KM4jkmuGA78JiDNqR+JeZFaeeHnRg9N7aihX3YPmsyg==",
      "dev": true
    },
    "gulp-sourcemaps": {
      "version": "2.6.5",
      "resolved": "https://registry.npmjs.org/gulp-sourcemaps/-/gulp-sourcemaps-2.6.5.tgz",
      "integrity": "sha512-SYLBRzPTew8T5Suh2U8jCSDKY+4NARua4aqjj8HOysBh2tSgT9u4jc1FYirAdPx1akUxxDeK++fqw6Jg0LkQRg==",
      "dev": true
    },
    "gulp-spawn-mocha": {
      "version": "3.3.1",
      "resolved": "https://registry.npmjs.org/gulp-spawn-mocha/-/gulp-spawn-mocha-3.3.1.tgz",
      "integrity": "sha512-0DoyYQ4+MmARhs6N0Yr5+Sm8K8aN0SwJoxpRl6YfWPP2nZhMLHtDx7grm7Bw5cr0VR2urkG/p36rRAbCqzaP2A==",
      "dev": true
    },
    "gulp-tslint": {
      "version": "7.1.0",
      "resolved": "https://registry.npmjs.org/gulp-tslint/-/gulp-tslint-7.1.0.tgz",
      "integrity": "sha1-m9P/T7wW1MvZq7CP94bbibVj6T0=",
      "dev": true
    },
    "gulp-typescript": {
      "version": "3.2.4",
      "resolved": "https://registry.npmjs.org/gulp-typescript/-/gulp-typescript-3.2.4.tgz",
      "integrity": "sha512-bZosNvbUGzFA4bjjWoUPyjU5vfgJSzlYKkU0Jutbsrj+td8yvtqxethhqfzB9MwyamaUODIuidj5gIytZ523Bw==",
      "dev": true,
      "dependencies": {
        "arr-diff": {
          "version": "2.0.0",
          "resolved": "https://registry.npmjs.org/arr-diff/-/arr-diff-2.0.0.tgz",
          "integrity": "sha1-jzuCf5Vai9ZpaX5KQlasPOrjVs8="
        },
        "array-unique": {
          "version": "0.2.1",
          "resolved": "https://registry.npmjs.org/array-unique/-/array-unique-0.2.1.tgz",
          "integrity": "sha1-odl8yvy8JiXMcPrc6zalDFiwGlM="
        },
        "braces": {
          "version": "1.8.5",
          "resolved": "https://registry.npmjs.org/braces/-/braces-1.8.5.tgz",
          "integrity": "sha1-uneWLhLf+WnWt2cR6RS3N4V79qc="
        },
        "expand-brackets": {
          "version": "0.1.5",
          "resolved": "https://registry.npmjs.org/expand-brackets/-/expand-brackets-0.1.5.tgz",
          "integrity": "sha1-3wcoTjQqgHzXM6xa9yQR5YHRF3s="
        },
        "extglob": {
          "version": "0.3.2",
          "resolved": "https://registry.npmjs.org/extglob/-/extglob-0.3.2.tgz",
          "integrity": "sha1-Lhj/PS9JqydlzskCPwEdqo2DSaE="
        },
        "glob": {
          "version": "5.0.15",
          "resolved": "https://registry.npmjs.org/glob/-/glob-5.0.15.tgz",
          "integrity": "sha1-G8k2ueAvSmA/zCIuz3Yz0wuLk7E="
        },
        "glob-stream": {
          "version": "5.3.5",
          "resolved": "https://registry.npmjs.org/glob-stream/-/glob-stream-5.3.5.tgz",
          "integrity": "sha1-pVZlqajM3EGRWofHAeMtTgFvrSI=",
          "dependencies": {
            "readable-stream": {
              "version": "1.0.34",
              "resolved": "https://registry.npmjs.org/readable-stream/-/readable-stream-1.0.34.tgz",
              "integrity": "sha1-Elgg40vIQtLyqq+v5MKRbuMsFXw="
            },
            "through2": {
              "version": "0.6.5",
              "resolved": "https://registry.npmjs.org/through2/-/through2-0.6.5.tgz",
              "integrity": "sha1-QaucZ7KdVyCQcUEOHXp6lozTrUg="
            }
          }
        },
        "gulp-sourcemaps": {
          "version": "1.6.0",
          "resolved": "https://registry.npmjs.org/gulp-sourcemaps/-/gulp-sourcemaps-1.6.0.tgz",
          "integrity": "sha1-uG/zSdgBzrVuHZ59x7vLS33uYAw="
        },
        "is-extglob": {
          "version": "1.0.0",
          "resolved": "https://registry.npmjs.org/is-extglob/-/is-extglob-1.0.0.tgz",
          "integrity": "sha1-rEaBd8SUNAWgkvyPKXYMb/xiBsA="
        },
        "is-glob": {
          "version": "2.0.1",
          "resolved": "https://registry.npmjs.org/is-glob/-/is-glob-2.0.1.tgz",
          "integrity": "sha1-0Jb5JqPe1WAPP9/ZEZjLCIjC2GM="
        },
        "isarray": {
          "version": "0.0.1",
          "resolved": "https://registry.npmjs.org/isarray/-/isarray-0.0.1.tgz",
          "integrity": "sha1-ihis/Kmo9Bd+Cav8YDiTmwXR7t8="
        },
        "kind-of": {
          "version": "3.2.2",
          "resolved": "https://registry.npmjs.org/kind-of/-/kind-of-3.2.2.tgz",
          "integrity": "sha1-MeohpzS6ubuw8yRm2JOupR5KPGQ="
        },
        "micromatch": {
          "version": "2.3.11",
          "resolved": "https://registry.npmjs.org/micromatch/-/micromatch-2.3.11.tgz",
          "integrity": "sha1-hmd8l9FyCzY0MdBNDRUpO9OMFWU="
        },
        "ordered-read-streams": {
          "version": "0.3.0",
          "resolved": "https://registry.npmjs.org/ordered-read-streams/-/ordered-read-streams-0.3.0.tgz",
          "integrity": "sha1-cTfmmzKYuzQiR6G77jiByA4v14s="
        },
        "source-map": {
          "version": "0.5.7",
          "resolved": "https://registry.npmjs.org/source-map/-/source-map-0.5.7.tgz",
          "integrity": "sha1-igOdLRAh0i0eoUyA2OpGi6LvP8w="
        },
        "strip-bom": {
          "version": "2.0.0",
          "resolved": "https://registry.npmjs.org/strip-bom/-/strip-bom-2.0.0.tgz",
          "integrity": "sha1-YhmoVhZSBJHzV4i9vxRHqZx+aw4="
        },
        "unique-stream": {
          "version": "2.3.1",
          "resolved": "https://registry.npmjs.org/unique-stream/-/unique-stream-2.3.1.tgz",
          "integrity": "sha512-2nY4TnBE70yoxHkDli7DMazpWiP7xMdCYqU2nBRO0UB+ZpEkGsSija7MvmvnZFUeC+mrgiUfcHSr3LmRFIg4+A==",
          "dependencies": {
            "through2-filter": {
              "version": "3.0.0",
              "resolved": "https://registry.npmjs.org/through2-filter/-/through2-filter-3.0.0.tgz",
              "integrity": "sha512-jaRjI2WxN3W1V8/FMZ9HKIBXixtiqs3SQSX4/YGIiP3gL6djW48VoZq9tDqeCWs3MT8YY5wb/zli8VW8snY1CA=="
            }
          }
        },
        "vinyl": {
          "version": "1.2.0",
          "resolved": "https://registry.npmjs.org/vinyl/-/vinyl-1.2.0.tgz",
          "integrity": "sha1-XIgDbPVl5d8FVYv8kR+GVt8hiIQ="
        },
        "vinyl-fs": {
          "version": "2.4.4",
          "resolved": "https://registry.npmjs.org/vinyl-fs/-/vinyl-fs-2.4.4.tgz",
          "integrity": "sha1-vm/zJwy1Xf19MGNkDegfJddTIjk="
        }
      }
    },
    "gulp-zip": {
      "version": "4.2.0",
      "resolved": "https://registry.npmjs.org/gulp-zip/-/gulp-zip-4.2.0.tgz",
      "integrity": "sha512-I+697f6jf+PncdTrqfuwoauxgnLG1yHRg3vlmvDgmJuEnlEHy4meBktJ/oHgfyg4tp6X25wuZqUOraVeVg97wQ==",
      "dev": true,
      "dependencies": {
        "arr-diff": {
          "version": "1.1.0",
          "resolved": "https://registry.npmjs.org/arr-diff/-/arr-diff-1.1.0.tgz",
          "integrity": "sha1-aHwydYFjWI/vfeezb6vklesaOZo="
        },
        "arr-union": {
          "version": "2.1.0",
          "resolved": "https://registry.npmjs.org/arr-union/-/arr-union-2.1.0.tgz",
          "integrity": "sha1-IPnqtexw9cfSFbEHexw5Fh0pLH0="
        },
        "array-slice": {
          "version": "0.2.3",
          "resolved": "https://registry.npmjs.org/array-slice/-/array-slice-0.2.3.tgz",
          "integrity": "sha1-3Tz7gO15c6dRF82sabC5nshhhvU="
        },
        "clone": {
          "version": "2.1.2",
          "resolved": "https://registry.npmjs.org/clone/-/clone-2.1.2.tgz",
          "integrity": "sha1-G39Ln1kfHo+DZwQBYANFoCiHQ18="
        },
        "clone-stats": {
          "version": "1.0.0",
          "resolved": "https://registry.npmjs.org/clone-stats/-/clone-stats-1.0.0.tgz",
          "integrity": "sha1-s3gt/4u1R04Yuba/D9/ngvh3doA="
        },
        "extend-shallow": {
          "version": "1.1.4",
          "resolved": "https://registry.npmjs.org/extend-shallow/-/extend-shallow-1.1.4.tgz",
          "integrity": "sha1-Gda/lN/AnXa6cR85uHLSH/TdkHE="
        },
        "kind-of": {
          "version": "1.1.0",
          "resolved": "https://registry.npmjs.org/kind-of/-/kind-of-1.1.0.tgz",
          "integrity": "sha1-FAo9LUGjbS78+pN3tiwk+ElaXEQ="
        },
        "plugin-error": {
          "version": "0.1.2",
          "resolved": "https://registry.npmjs.org/plugin-error/-/plugin-error-0.1.2.tgz",
          "integrity": "sha1-O5uzM1zPAPQl4HQ34ZJ2ln2kes4="
        },
        "replace-ext": {
          "version": "1.0.0",
          "resolved": "https://registry.npmjs.org/replace-ext/-/replace-ext-1.0.0.tgz",
          "integrity": "sha1-3mMSg3P8v3w8z6TeWkgMRaZ5WOs="
        },
        "vinyl": {
          "version": "2.2.0",
          "resolved": "https://registry.npmjs.org/vinyl/-/vinyl-2.2.0.tgz",
          "integrity": "sha512-MBH+yP0kC/GQ5GwBqrTPTzEfiiLjta7hTtvQtbxBgTeSXsmKQRQecjibMbxIXzVT3Y9KJK+drOz1/k+vsu8Nkg=="
        }
      }
    },
    "minimist": {
      "version": "1.2.0",
      "resolved": "https://registry.npmjs.org/minimist/-/minimist-1.2.0.tgz",
      "integrity": "sha1-o1AIsg9BOD7sH7kU9M1d95omQoQ=",
      "dev": true
    },
    "mocha": {
      "version": "3.5.3",
      "resolved": "https://registry.npmjs.org/mocha/-/mocha-3.5.3.tgz",
      "integrity": "sha512-/6na001MJWEtYxHOV1WLfsmR4YIynkUEhBwzsb+fk2qmQ3iqsi258l/Q2MWHJMImAcNpZ8DEdYAK72NHoIQ9Eg==",
      "dev": true,
      "dependencies": {
        "commander": {
          "version": "2.9.0",
          "resolved": "https://registry.npmjs.org/commander/-/commander-2.9.0.tgz",
          "integrity": "sha1-nJkJQXbhIkDLItbFFGCYQA/g99Q="
        },
        "debug": {
          "version": "2.6.8",
          "resolved": "https://registry.npmjs.org/debug/-/debug-2.6.8.tgz",
          "integrity": "sha1-5zFTHKLt4n0YgiJCfaF4IdaP9Pw="
        },
        "diff": {
          "version": "3.2.0",
          "resolved": "https://registry.npmjs.org/diff/-/diff-3.2.0.tgz",
          "integrity": "sha1-yc45Okt8vQsFinJck98pkCeGj/k="
        },
        "glob": {
          "version": "7.1.1",
          "resolved": "https://registry.npmjs.org/glob/-/glob-7.1.1.tgz",
          "integrity": "sha1-gFIR3wT6rxxjo2ADBs31reULLsg="
        },
        "supports-color": {
          "version": "3.1.2",
          "resolved": "https://registry.npmjs.org/supports-color/-/supports-color-3.1.2.tgz",
          "integrity": "sha1-cqJiiU2dQIuVbKBf83su2KbiotU="
        }
      }
    },
    "mongodb": {
      "version": "2.2.36",
      "resolved": "https://registry.npmjs.org/mongodb/-/mongodb-2.2.36.tgz",
      "integrity": "sha512-P2SBLQ8Z0PVx71ngoXwo12+FiSfbNfGOClAao03/bant5DgLNkOPAck5IaJcEk4gKlQhDEURzfR3xuBG1/B+IA==",
      "dependencies": {
        "readable-stream": {
          "version": "2.2.7",
          "resolved": "https://registry.npmjs.org/readable-stream/-/readable-stream-2.2.7.tgz",
          "integrity": "sha1-BwV6y+JGeyIELTb5jFrVBwVOlbE="
        },
        "safe-buffer": {
          "version": "5.1.2",
          "resolved": "https://registry.npmjs.org/safe-buffer/-/safe-buffer-5.1.2.tgz",
          "integrity": "sha512-Gd2UZBJDkXlY7GbJxfsE8/nvKkUEU1G38c1siN6QP6a9PT9MmHB8GnpscSmMJSoF8LOIrt8ud/wPtojys4G6+g=="
        },
        "string_decoder": {
          "version": "1.0.3",
          "resolved": "https://registry.npmjs.org/string_decoder/-/string_decoder-1.0.3.tgz",
          "integrity": "sha512-4AH6Z5fzNNBcH+6XDMfA/BTt87skxqJlO0lAh3Dker5zThcAxG6mKz+iGu308UKoPPQ8Dcqx/4JhujzltRa+hQ=="
        }
      }
    },
    "neo-async": {
      "version": "2.6.1",
      "resolved": "https://registry.npmjs.org/neo-async/-/neo-async-2.6.1.tgz",
      "integrity": "sha512-iyam8fBuCUpWeKPGpaNMetEocMt364qkCsfL9JuhjXX6dRnguRVOfk2GZaDpPjcOKiiXCPINZC1GczQ7iTq3Zw=="
    },
    "querystring": {
      "version": "0.2.0",
      "resolved": "https://registry.npmjs.org/querystring/-/querystring-0.2.0.tgz",
      "integrity": "sha1-sgmEkgO7Jd+CDadW50cAWHhSFiA="
    },
    "random-number-csprng": {
      "version": "1.0.2",
      "resolved": "https://registry.npmjs.org/random-number-csprng/-/random-number-csprng-1.0.2.tgz",
      "integrity": "sha1-/NEg5i3/wsB2dMfD/gHhayX3OiY="
    },
    "request-promise": {
      "version": "4.2.5",
      "resolved": "https://registry.npmjs.org/request-promise/-/request-promise-4.2.5.tgz",
      "integrity": "sha512-ZgnepCykFdmpq86fKGwqntyTiUrHycALuGggpyCZwMvGaZWgxW6yagT0FHkgo5LzYvOaCNvxYwWYIjevSH1EDg=="
    },
    "serve-favicon": {
      "version": "2.5.0",
      "resolved": "https://registry.npmjs.org/serve-favicon/-/serve-favicon-2.5.0.tgz",
      "integrity": "sha1-k10kDN/g9YBTB/3+ln2IlCosvPA=",
      "dependencies": {
        "etag": {
          "version": "1.8.1",
          "resolved": "https://registry.npmjs.org/etag/-/etag-1.8.1.tgz",
          "integrity": "sha1-Qa4u62XvpiJorr/qg6x9eSmbCIc="
        },
        "fresh": {
          "version": "0.5.2",
          "resolved": "https://registry.npmjs.org/fresh/-/fresh-0.5.2.tgz",
          "integrity": "sha1-PYyt2Q2XZWn6g1qx+OSyOhBWBac="
        },
        "ms": {
          "version": "2.1.1",
          "resolved": "https://registry.npmjs.org/ms/-/ms-2.1.1.tgz",
          "integrity": "sha512-tgp+dl5cGk28utYktBsrFqA7HKgrhgPsg6Z/EfhWI4gl1Hwq8B/GmY/0oXZ6nF8hDVesS/FpnYaD/kOWhYQvyg=="
        },
        "safe-buffer": {
          "version": "5.1.1",
          "resolved": "https://registry.npmjs.org/safe-buffer/-/safe-buffer-5.1.1.tgz",
          "integrity": "sha512-kKvNJn6Mm93gAczWVJg7wH+wGYWNrDHdWvpUmHyEsgCtIwwo3bqPtV4tR5tuPaUhTOo/kvhVwd8XwwOllGYkbg=="
        }
      }
    },
    "sinon": {
      "version": "2.4.1",
      "resolved": "https://registry.npmjs.org/sinon/-/sinon-2.4.1.tgz",
      "integrity": "sha512-vFTrO9Wt0ECffDYIPSP/E5bBugt0UjcBQOfQUMh66xzkyPEnhl/vM2LRZi2ajuTdkH07sA6DzrM6KvdvGIH8xw==",
      "dev": true,
      "dependencies": {
        "diff": {
          "version": "3.5.0",
          "resolved": "https://registry.npmjs.org/diff/-/diff-3.5.0.tgz",
          "integrity": "sha512-A46qtFgd+g7pDZinpnwiRJtxbC1hpgf0uzP3iG89scHk0AUC7A1TGxf5OiiOUv/JMZR8GOt8hL900hV0bOy5xA=="
        },
        "isarray": {
          "version": "0.0.1",
          "resolved": "https://registry.npmjs.org/isarray/-/isarray-0.0.1.tgz",
          "integrity": "sha1-ihis/Kmo9Bd+Cav8YDiTmwXR7t8="
        },
        "path-to-regexp": {
          "version": "1.8.0",
          "resolved": "https://registry.npmjs.org/path-to-regexp/-/path-to-regexp-1.8.0.tgz",
          "integrity": "sha512-n43JRhlUKUAlibEJhPeir1ncUID16QnEjNpwzNdO3Lm4ywrBpBZ5oLD0I6br9evr1Y9JTqwRtAh7JLoOzAQdVA=="
        },
        "type-detect": {
          "version": "4.0.8",
          "resolved": "https://registry.npmjs.org/type-detect/-/type-detect-4.0.8.tgz",
          "integrity": "sha512-0fr/mIH1dlO+x7TlcMy+bIDqKPsw/70tVyeHW787goQjhmqaZe10uwLujubK9q9Lg6Fiho1KUKDYz0Z7k7g5/g=="
        }
      }
    },
    "source-map": {
      "version": "0.6.1",
      "resolved": "https://registry.npmjs.org/source-map/-/source-map-0.6.1.tgz",
      "integrity": "sha512-UjgapumWlbMhkBgzT7Ykc5YXUT46F0iKu8SGXq0bcwP5dz/h0Plj6enJqjz1Zbq2l5WaqYnrVbwWOWMyF3F47g=="
    },
    "tslint": {
      "version": "4.5.1",
      "resolved": "https://registry.npmjs.org/tslint/-/tslint-4.5.1.tgz",
      "integrity": "sha1-BTVocb7yOkNJBnNABvwYgza6gks=",
      "dev": true,
      "dependencies": {
        "colors": {
          "version": "1.4.0",
          "resolved": "https://registry.npmjs.org/colors/-/colors-1.4.0.tgz",
          "integrity": "sha512-a+UqTh4kgZg/SlGvfbzDHpgRu7AAQOmmqRHJnxhRZICKFUT91brVhNNt58CMWU9PsBbv3PDCZUHbVxuDiH2mtA=="
        },
        "diff": {
          "version": "3.5.0",
          "resolved": "https://registry.npmjs.org/diff/-/diff-3.5.0.tgz",
          "integrity": "sha512-A46qtFgd+g7pDZinpnwiRJtxbC1hpgf0uzP3iG89scHk0AUC7A1TGxf5OiiOUv/JMZR8GOt8hL900hV0bOy5xA=="
        },
        "findup-sync": {
          "version": "0.3.0",
          "resolved": "https://registry.npmjs.org/findup-sync/-/findup-sync-0.3.0.tgz",
          "integrity": "sha1-N5MKpdgWt3fANEXhlmzGeQpMCxY=",
          "dependencies": {
            "glob": {
              "version": "5.0.15",
              "resolved": "https://registry.npmjs.org/glob/-/glob-5.0.15.tgz",
              "integrity": "sha1-G8k2ueAvSmA/zCIuz3Yz0wuLk7E="
            }
          }
        }
      }
    },
    "typescript": {
      "version": "2.9.2",
      "resolved": "https://registry.npmjs.org/typescript/-/typescript-2.9.2.tgz",
      "integrity": "sha512-Gr4p6nFNaoufRIY4NMdpQRNmgxVIGMs4Fcu/ujdYk3nAZqk7supzBE9idmvfZIlH/Cuj//dvi+019qEue9lV0w==",
      "dev": true
    },
    "uglify-js": {
      "version": "3.7.2",
      "resolved": "https://registry.npmjs.org/uglify-js/-/uglify-js-3.7.2.tgz",
      "integrity": "sha512-uhRwZcANNWVLrxLfNFEdltoPNhECUR3lc+UdJoG9CBpMcSnKyWA94tc3eAujB1GcMY5Uwq8ZMp4qWpxWYDQmaA==",
      "optional": true
    },
    "url-join": {
      "version": "1.1.0",
      "resolved": "https://registry.npmjs.org/url-join/-/url-join-1.1.0.tgz",
      "integrity": "sha1-dBxsL0WWxIMNZxhGCSDQySIC3Hg="
    },
    "uuid": {
      "version": "3.3.3",
      "resolved": "https://registry.npmjs.org/uuid/-/uuid-3.3.3.tgz",
      "integrity": "sha512-pW0No1RGHgzlpHJO1nsVrHKpOEIxkGg1xB+v0ZmdNH5OAeAwzAVrCnI2/6Mtx+Uys6iaylxa+D3g4j63IKKjSQ=="
    },
    "winston": {
      "version": "2.4.4",
      "resolved": "https://registry.npmjs.org/winston/-/winston-2.4.4.tgz",
      "integrity": "sha512-NBo2Pepn4hK4V01UfcWcDlmiVTs7VTB1h7bgnB0rgP146bYhMxX0ypCz3lBOfNxCO4Zuek7yeT+y/zM1OfMw4Q==",
      "dependencies": {
        "async": {
          "version": "1.0.0",
          "resolved": "https://registry.npmjs.org/async/-/async-1.0.0.tgz",
          "integrity": "sha1-+PwEyjoTeErenhZBr5hXjPvWR6k="
        }
      }
    }
  }
}
